<?xml version="1.0" encoding="utf-8"?>
<Project ToolsVersion="4.0" xmlns="http://schemas.microsoft.com/developer/msbuild/2003">
  <ItemGroup>
    <Filter Include="Source Files">
      <UniqueIdentifier>{4FC737F1-C7A5-4376-A066-2A32D752A2FF}</UniqueIdentifier>
      <Extensions>cpp;c;cc;cxx;def;odl;idl;hpj;bat;asm;asmx</Extensions>
    </Filter>
    <Filter Include="Header Files">
      <UniqueIdentifier>{93995380-89BD-4b04-88EB-625FBE52EBFB}</UniqueIdentifier>
      <Extensions>h;hh;hpp;hxx;hm;inl;inc;xsd</Extensions>
    </Filter>
    <Filter Include="Resource Files">
      <UniqueIdentifier>{67DA6AB6-F800-4c08-8B7A-83BB121AAD01}</UniqueIdentifier>
      <Extensions>rc;ico;cur;bmp;dlg;rc2;rct;bin;rgs;gif;jpg;jpeg;jpe;resx;tiff;tif;png;wav;mfcribbon-ms</Extensions>
    </Filter>
    <Filter Include="shaders">
      <UniqueIdentifier>{58f554c8-25fd-42fc-bcb1-735e25228ded}</UniqueIdentifier>
      <Extensions>vert;frag;</Extensions>
    </Filter>
    <Filter Include="Source Files\geometry">
      <UniqueIdentifier>{258ff2ae-3a3c-4fd4-a237-5c6ea87ce493}</UniqueIdentifier>
    </Filter>
  </ItemGroup>
  <ItemGroup>
    <ClCompile Include="main.cpp">
      <Filter>Source Files</Filter>
    </ClCompile>
    <ClCompile Include="logging.cpp">
      <Filter>Source Files</Filter>
    </ClCompile>
    <ClCompile Include="ShaderLoader.cpp">
      <Filter>Source Files</Filter>
    </ClCompile>
    <ClCompile Include="objLoader.cpp">
      <Filter>Source Files</Filter>
    </ClCompile>
    <ClCompile Include="geometry.cpp">
      <Filter>Source Files</Filter>
    </ClCompile>
    <ClCompile Include="x64\3dObject.cpp">
      <Filter>Source Files</Filter>
    </ClCompile>
    <ClCompile Include="geometry\square.cpp">
      <Filter>Source Files\geometry</Filter>
    </ClCompile>
  </ItemGroup>
  <ItemGroup>
    <None Include="packages.config" />
    <None Include="shaders\standardmaterial.frag">
      <Filter>shaders</Filter>
    </None>
    <None Include="shaders\blackstar.frag">
      <Filter>shaders</Filter>
    </None>
    <None Include="shaders\standardmaterial.vert">
      <Filter>shaders</Filter>
    </None>
    <None Include="shaders\testshader.frag">
      <Filter>shaders</Filter>
    </None>
    <None Include="shaders\testshader.vert">
      <Filter>shaders</Filter>
    </None>
    <None Include="shaders\postprocess.frag">
      <Filter>shaders</Filter>
    </None>
    <None Include="shaders\postprocess.vert">
      <Filter>shaders</Filter>
    </None>
    <None Include="ClassDiagram.cd" />
    <None Include="shaders\skybox.frag">
      <Filter>shaders</Filter>
    </None>
    <None Include="shaders\skybox.vert">
      <Filter>shaders</Filter>
    </None>
    <None Include="shaders\basic.frag">
      <Filter>shaders</Filter>
    </None>
    <None Include="shaders\basic.vert">
      <Filter>shaders</Filter>
    </None>
    <None Include="shaders\standardmaterialInstanced.frag">
      <Filter>shaders</Filter>
    </None>
    <None Include="shaders\standardmaterialInstanced.vert">
      <Filter>shaders</Filter>
    </None>
    <None Include="shaders\outlinematerialInstance.frag">
      <Filter>shaders</Filter>
    </None>
    <None Include="shaders\outlinematerialInstance.vert">
      <Filter>shaders</Filter>
    </None>
  </ItemGroup>
  <ItemGroup>
    <ClInclude Include="ShaderLoader.h">
      <Filter>Header Files</Filter>
    </ClInclude>
    <ClInclude Include="logging.h">
      <Filter>Header Files</Filter>
    </ClInclude>
    <ClInclude Include="objLoader.h">
      <Filter>Header Files</Filter>
    </ClInclude>
    <ClInclude Include="geometry.h">
      <Filter>Header Files</Filter>
    </ClInclude>
    <ClInclude Include="squareGeometry.h">
      <Filter>Header Files</Filter>
    </ClInclude>
    <ClInclude Include="frameBuffer.h">
      <Filter>Header Files</Filter>
    </ClInclude>
    <ClInclude Include="texture.h">
      <Filter>Header Files</Filter>
    </ClInclude>
    <ClInclude Include="skyboxGeometry.h">
      <Filter>Header Files</Filter>
    </ClInclude>
  </ItemGroup>
</Project>